{
  "requires": true,
  "lockfileVersion": 1,
  "dependencies": {
    "curtainsjs": {
      "version": "7.1.3",
      "resolved": "https://registry.npmjs.org/curtainsjs/-/curtainsjs-7.1.3.tgz",
      "integrity": "sha512-Eak3UTKxtsSHL+5BHBZCimkr4pvuHU35jncQ+eCd6Xr+l2Bv3oipm7SNFUtjiM0+cgnG4/xqD1GT4FiCuo4Ifg=="
    }
  }
}